# THIS IS AN AUTOGENERATED FILE. DO NOT EDIT THIS FILE DIRECTLY.
# yarn lockfile v1


"netmask@^2.0.2":
  "integrity" "sha512-dBpDMdxv9Irdq66304OLfEmQ9tbNRFnFTuZiLo+bD+r332bBmMJ8GBLXklIXXgxd3+v9+KUnZaUR5PJMa75Gsg=="
  "resolved" "https://registry.npmjs.org/netmask/-/netmask-2.0.2.tgz"
  "version" "2.0.2"

"ping@^0.4.2":
  "integrity" "sha512-1uAw0bzHtrPbPo2s6no06oZAzY6KqKclEJR1JRZKIHKXKlPdrz9N0/1MPPB+BbrvMjN3Mk0pcod3bfLNZFRo9w=="
  "resolved" "https://registry.npmjs.org/ping/-/ping-0.4.2.tgz"
  "version" "0.4.2"
  dependencies:
    "q" "1.x"
    "underscore" "^1.12.0"

"q@1.x":
  "integrity" "sha512-kV/CThkXo6xyFEZUugw/+pIOywXcDbFYgSct5cT3gqlbkBE1SJdwy6UQoZvodiWF/ckQLZyDE/Bu1M6gVu5lVw=="
  "resolved" "https://registry.npmjs.org/q/-/q-1.5.1.tgz"
  "version" "1.5.1"

"underscore@^1.12.0":
  "integrity" "sha512-+A5Sja4HP1M08MaXya7p5LvjuM7K6q/2EaC0+iovj/wOcMsTzMvDFbasi/oSapiwOlt252IqsKqPjCl7huKS0A=="
  "resolved" "https://registry.npmjs.org/underscore/-/underscore-1.13.6.tgz"
  "version" "1.13.6"
